
Microsoft Visual Studio Solution File, Format Version 12.00
# Visual Studio 15
VisualStudioVersion = 15.0.27428.2011
MinimumVisualStudioVersion = 10.0.40219.1
Project("{FAE04EC0-301F-11D3-BF4B-00C04F79EFBC}") = "TokenAuthentication", "TokenAuthentication\TokenAuthentication.csproj", "{778ECAB3-7219-4159-B642-6FE4F397B1CA}"
EndProject
Global
	GlobalSection(SolutionConfigurationPlatforms) = preSolution
		Debug|Any CPU = Debug|Any CPU
		Release|Any CPU = Release|Any CPU
	EndGlobalSection
	GlobalSection(ProjectConfigurationPlatforms) = postSolution
		{778ECAB3-7219-4159-B642-6FE4F397B1CA}.Debug|Any CPU.ActiveCfg = Debug|Any CPU
		{778ECAB3-7219-4159-B642-6FE4F397B1CA}.Debug|Any CPU.Build.0 = Debug|Any CPU
		{778ECAB3-7219-4159-B642-6FE4F397B1CA}.Release|Any CPU.ActiveCfg = Release|Any CPU
		{778ECAB3-7219-4159-B642-6FE4F397B1CA}.Release|Any CPU.Build.0 = Release|Any CPU
	EndGlobalSection
	GlobalSection(SolutionProperties) = preSolution
		HideSolutionNode = FALSE
	EndGlobalSection
	GlobalSection(ExtensibilityGlobals) = postSolution
		SolutionGuid = {3526E679-31DC-4D60-833B-25F43AAD35EA}
	EndGlobalSection
EndGlobal
